bitwormhole.com/starter/afs v0.0.0-20221015075322-651d774631fd h1:J8JKUaxhnCAmuO/EjJfCnBoSKJq8Hfw5ufcDa7H0rsY=
bitwormhole.com/starter/afs v0.0.0-20221015075322-651d774631fd/go.mod h1:ZhznfGjTwltwXxm8Rpx7fTAWJzWvtT7YqKdS9P8tYTU=
bitwormhole.com/starter/afs v0.0.1 h1:J9QEqmgBlu6plvoLis/pmcWplKdl6eu5ShrjOM46ujU=
bitwormhole.com/starter/afs v0.0.1/go.mod h1:ZhznfGjTwltwXxm8Rpx7fTAWJzWvtT7YqKdS9P8tYTU=
bitwormhole.com/starter/base v0.0.0-20220718031435-6de2532eedf1 h1:iqjIy0b9aZlyHRA5uQd+nfw5f2ZyFet/s9UoPPZjbe4=
bitwormhole.com/starter/base v0.0.0-20220718031435-6de2532eedf1/go.mod h1:a8v7ioNoU380zyISNEXTaVInVFu00FvXo3UHJAckPG0=
bitwormhole.com/starter/base v0.0.1 h1:/dXgICIoYcMATbA2N+DD1tMYEsyimwQKal2xPaR8cfA=
bitwormhole.com/starter/base v0.0.1/go.mod h1:a8v7ioNoU380zyISNEXTaVInVFu00FvXo3UHJAckPG0=
bitwormhole.com/starter/cli v0.0.1 h1:hUmgDGyYsp5L++K9T8mWBmisl9mlyzD/w+cVfP4w4xk=
bitwormhole.com/starter/cli v0.0.1/go.mod h1:dBMquKY7xUEhqhUjHOlgfplzLw8koHk6b7ZpRNRsz7Q=
bitwormhole.com/starter/cli v0.0.6 h1:s8h2h8zI3Qhyu4q7yyfk/+M+s/5/89V0+mAdPmtd1y8=
bitwormhole.com/starter/cli v0.0.6/go.mod h1:XvDXD5cEsFpyO5AkxfGRXU7pGHTUZAvGTBx09yHyAzc=
bitwormhole.com/starter/vlog v0.0.0-20220717141231-71498d1f5184 h1:HkOmqSZbE+I0kE336mxZdPYw85OwQs9lLDHwNB8AWe0=
bitwormhole.com/starter/vlog v0.0.0-20220717141231-71498d1f5184/go.mod h1:bb4xDVyOD0+tAhaiscUmuzsFJ+/EL+qE79Je8U0ZqTQ=
bitwormhole.com/starter/vlog v0.0.1 h1:7DCV2jUD1oHEPrfci14IVBK/oXeQ/pHbfbYws1nfu3w=
bitwormhole.com/starter/vlog v0.0.1/go.mod h1:bb4xDVyOD0+tAhaiscUmuzsFJ+/EL+qE79Je8U0ZqTQ=
github.com/bitwormhole/starter v0.1.5 h1:WKYzskMDu1kStoREvCviYIk2eOWYXpy2QYuYaX1Db80=
github.com/bitwormhole/starter v0.1.5/go.mod h1:3/UtKB8VwcmR5xf8mx4V7vgGLaej89LaoT+KuJKWL60=
github.com/starter-go/afs v0.9.2 h1:LwYcz7PWOK92lNBl11kK8J1xGhd1jbhs4d4ahBdg0eU=
github.com/starter-go/afs v0.9.2/go.mod h1:LbhQ6l5VwFV8YNtG+zSnMf2mLB/KCwK9id6zm9quFSU=
github.com/starter-go/afs v0.9.4 h1:0o96pOdtDvZcWSS5b7icbzYHq6hdfnHZyr+sXD6OZds=
github.com/starter-go/afs v0.9.4/go.mod h1:Kuwz+TntvRVUYJuHWfR9hkEIcBiIC3ScW9IS/gjJulM=
github.com/starter-go/application v0.9.16 h1:Jy68z+b9t6Z0/yDqdD2z+F10YEmCel4lNU038sR2YhA=
github.com/starter-go/application v0.9.16/go.mod h1:c2hbSchCqAwnMifCYaCAcaFggl9WIwlwsDcVDGPlAsA=
github.com/starter-go/application v0.9.17 h1:jg0JjjyJJwM60N+o3222+RHGOKSCPDA6Vy2Z7aeGqMI=
github.com/starter-go/application v0.9.17/go.mod h1:c2hbSchCqAwnMifCYaCAcaFggl9WIwlwsDcVDGPlAsA=
github.com/starter-go/application v0.9.18 h1:rAjCJvpZjzed7QsUnAh8rBQLFFQegyHKpetsv6i1UKo=
github.com/starter-go/application v0.9.18/go.mod h1:WXdBRmDnpM6+vAxbuYrOwqxWH1dcGxhXLmwFepRBCeA=
github.com/starter-go/base v0.9.9 h1:XLO0p4VWhMzS/LRnzlSJJdK9/ps0yVWUAaim5oCRJWM=
github.com/starter-go/base v0.9.9/go.mod h1:855h0lveIH1dMfP5u2SQp8LWJlgdstRAEM+MV6HRfLg=
github.com/starter-go/base v0.9.11 h1:QG5kcShJSV9cs2KEeqZ8UN9icM/0uPZwPFrh0XUOf+Q=
github.com/starter-go/base v0.9.11/go.mod h1:MMqPMFzwPHjKyfX0cMmkpAAbeJ0tJupFbI8D+x27fJM=
github.com/starter-go/cli v1.0.0 h1:dgeoabUV0UljoGJCQfr0b0zmnhmftIyyeK3nySw5Hec=
github.com/starter-go/cli v1.0.0/go.mod h1:dn/cpwq1t1fRlCsPdBstotWTwCBuuDp2GhFplVZ45/4=
github.com/starter-go/cli v1.0.1 h1:P06ABW1FzGePTdSKS3BrZqLGzhBfpBSJeDWZ2F33p44=
github.com/starter-go/cli v1.0.1/go.mod h1:dn/cpwq1t1fRlCsPdBstotWTwCBuuDp2GhFplVZ45/4=
github.com/starter-go/cli v1.0.3 h1:mHSnpUns0JE7Sss3JqaDu0ZIxHk/bVFzVj+ydsDNH90=
github.com/starter-go/cli v1.0.3/go.mod h1:7qNdjTgYPwkTwckSriRmJIeLIKC7rcaRAj3/Xx75mM0=
github.com/starter-go/cli v1.0.4 h1:Bho3/Xy06Fpu67evUUCc/Equ9E7e01OLbkFuZ+6lBvI=
github.com/starter-go/cli v1.0.4/go.mod h1:DfqBr2MxgD0wI/UqTl6zpMFh3/CZhq3+cKJtJlcFeMs=
github.com/starter-go/configen v0.9.3 h1:OJi7A9XncTFhvbKc8ZgSYF+bVDBnnGGhR2u8jS5G5XM=
github.com/starter-go/configen v0.9.3/go.mod h1:F0Pw1TAmyIiahcuPBqywIM0nxaYGMD9o4FahvcH2AEQ=
github.com/starter-go/configen v0.9.5 h1:KTwueLMQA3Ba70sJddK+hOLEifOI0dTXpPkX/jiBjIo=
github.com/starter-go/configen v0.9.5/go.mod h1:n3qiv4z1nZ0h4qfcX9Ju8kUMgjuLUkv0EvL6lxQOwtQ=
github.com/starter-go/starter v1.0.4 h1:HcryIw7l09JwaaeSEs7og5AneOfEI52IaxpOEf2QUVA=
github.com/starter-go/starter v1.0.4/go.mod h1:j4xPiEqJgINNO92vnmvr28n7SvURI+fDgA5PlB/x6eg=
github.com/starter-go/starter v1.0.7 h1:7S9kE5Qz5NNEkcPBtCRXKP1+a/3tWpBSz8LUVKZgzDI=
github.com/starter-go/starter v1.0.7/go.mod h1:2A0+bOFusx1p+oblSjLWkqUbx19tnCUH7hltt1pgbl8=
github.com/starter-go/units v0.0.3 h1:UlHs4qIDfTgNHbuVZdsWZyGp8JPC/jy0XyNw+FMarGc=
github.com/starter-go/units v0.0.3/go.mod h1:T/Yq2RjMxhzawqqjv+3zsQcyuoajD1wDHZzUSRQyZ20=
github.com/starter-go/vlog v0.9.5 h1:Rh5L8KjicweDjH5UDKVQzqG2Q9/y63G1TWHe8u6VZpk=
github.com/starter-go/vlog v0.9.5/go.mod h1:WSaU9IGbEaDe/Eoh2W8JOjSn6wdjfGkgBbxJxaqUI/0=
github.com/starter-go/vlog v0.9.7 h1:ysmWPxsJtgRxL5ht4abtWvJW9E7vLFAtuOOi/XtpSmY=
github.com/starter-go/vlog v0.9.7/go.mod h1:ywWUCfWNTqXrelvO4/3sQ04SCW4ClR3PiN3qpSlXhH0=
