bitwormhole.com/starter/afs v0.0.0-20221015075322-651d774631fd h1:J8JKUaxhnCAmuO/EjJfCnBoSKJq8Hfw5ufcDa7H0rsY=
bitwormhole.com/starter/afs v0.0.0-20221015075322-651d774631fd/go.mod h1:ZhznfGjTwltwXxm8Rpx7fTAWJzWvtT7YqKdS9P8tYTU=
bitwormhole.com/starter/base v0.0.0-20220718031435-6de2532eedf1 h1:iqjIy0b9aZlyHRA5uQd+nfw5f2ZyFet/s9UoPPZjbe4=
bitwormhole.com/starter/base v0.0.0-20220718031435-6de2532eedf1/go.mod h1:a8v7ioNoU380zyISNEXTaVInVFu00FvXo3UHJAckPG0=
bitwormhole.com/starter/cli v0.0.1 h1:hUmgDGyYsp5L++K9T8mWBmisl9mlyzD/w+cVfP4w4xk=
bitwormhole.com/starter/cli v0.0.1/go.mod h1:dBMquKY7xUEhqhUjHOlgfplzLw8koHk6b7ZpRNRsz7Q=
bitwormhole.com/starter/vlog v0.0.0-20220717141231-71498d1f5184 h1:HkOmqSZbE+I0kE336mxZdPYw85OwQs9lLDHwNB8AWe0=
bitwormhole.com/starter/vlog v0.0.0-20220717141231-71498d1f5184/go.mod h1:bb4xDVyOD0+tAhaiscUmuzsFJ+/EL+qE79Je8U0ZqTQ=
github.com/bitwormhole/starter v0.1.5 h1:WKYzskMDu1kStoREvCviYIk2eOWYXpy2QYuYaX1Db80=
github.com/bitwormhole/starter v0.1.5/go.mod h1:3/UtKB8VwcmR5xf8mx4V7vgGLaej89LaoT+KuJKWL60=
